Microsoft Visual Studio Solution File, Format Version 12.00
# Visual Studio Version 17
VisualStudioVersion = 17.13.35806.99
MinimumVisualStudioVersion = 10.0.40219.1
Project("{FAE04EC0-301F-11D3-BF4B-00C04F79EFBC}") = "FizzBuzz", "FizzBuzz.csproj", "{CC6E0D15-9269-4E31-87E7-A7F48B226EDA}"
EndProject
Global
	GlobalSection(SolutionConfigurationPlatforms) = preSolution
		Debug|Any CPU = Debug|Any CPU
		Release|Any CPU = Release|Any CPU
	EndGlobalSection
	GlobalSection(ProjectConfigurationPlatforms) = postSolution
		{CC6E0D15-9269-4E31-87E7-A7F48B226EDA}.Debug|Any CPU.ActiveCfg = Debug|Any CPU
		{CC6E0D15-9269-4E31-87E7-A7F48B226EDA}.Debug|Any CPU.Build.0 = Debug|Any CPU
		{CC6E0D15-9269-4E31-87E7-A7F48B226EDA}.Release|Any CPU.ActiveCfg = Release|Any CPU
		{CC6E0D15-9269-4E31-87E7-A7F48B226EDA}.Release|Any CPU.Build.0 = Release|Any CPU
	EndGlobalSection
	GlobalSection(SolutionProperties) = preSolution
		HideSolutionNode = FALSE
	EndGlobalSection
	GlobalSection(ExtensibilityGlobals) = postSolution
		SolutionGuid = {9A9CC547-50AE-4559-90AB-F8BD5C266978}
	EndGlobalSection
EndGlobal
